
Microsoft Visual Studio Solution File, Format Version 12.00
# Visual Studio Version 17
VisualStudioVersion = 17.9.34728.123
MinimumVisualStudioVersion = 10.0.40219.1
Project("{FAE04EC0-301F-11D3-BF4B-00C04F79EFBC}") = "RapidApiHotel", "RapidApiHotel\RapidApiHotel.csproj", "{247551C3-F953-429C-8A3F-AA0255111AB6}"
EndProject
Global
	GlobalSection(SolutionConfigurationPlatforms) = preSolution
		Debug|Any CPU = Debug|Any CPU
		Release|Any CPU = Release|Any CPU
	EndGlobalSection
	GlobalSection(ProjectConfigurationPlatforms) = postSolution
		{247551C3-F953-429C-8A3F-AA0255111AB6}.Debug|Any CPU.ActiveCfg = Debug|Any CPU
		{247551C3-F953-429C-8A3F-AA0255111AB6}.Debug|Any CPU.Build.0 = Debug|Any CPU
		{247551C3-F953-429C-8A3F-AA0255111AB6}.Release|Any CPU.ActiveCfg = Release|Any CPU
		{247551C3-F953-429C-8A3F-AA0255111AB6}.Release|Any CPU.Build.0 = Release|Any CPU
	EndGlobalSection
	GlobalSection(SolutionProperties) = preSolution
		HideSolutionNode = FALSE
	EndGlobalSection
	GlobalSection(ExtensibilityGlobals) = postSolution
		SolutionGuid = {752614F6-AC5F-4A63-8DF5-EF546EDD720C}
	EndGlobalSection
EndGlobal
